
Microsoft Visual Studio Solution File, Format Version 12.00
# Visual Studio Version 17
VisualStudioVersion = 17.6.33723.286
MinimumVisualStudioVersion = 10.0.40219.1
Project("{FAE04EC0-301F-11D3-BF4B-00C04F79EFBC}") = "send-message-demo", "send-message-demo\send-message-demo.csproj", "{83317490-0252-40E5-A5E3-6C08032D4A22}"
EndProject
Global
	GlobalSection(SolutionConfigurationPlatforms) = preSolution
		Debug|Any CPU = Debug|Any CPU
		Release|Any CPU = Release|Any CPU
	EndGlobalSection
	GlobalSection(ProjectConfigurationPlatforms) = postSolution
		{83317490-0252-40E5-A5E3-6C08032D4A22}.Debug|Any CPU.ActiveCfg = Debug|Any CPU
		{83317490-0252-40E5-A5E3-6C08032D4A22}.Debug|Any CPU.Build.0 = Debug|Any CPU
		{83317490-0252-40E5-A5E3-6C08032D4A22}.Release|Any CPU.ActiveCfg = Release|Any CPU
		{83317490-0252-40E5-A5E3-6C08032D4A22}.Release|Any CPU.Build.0 = Release|Any CPU
	EndGlobalSection
	GlobalSection(SolutionProperties) = preSolution
		HideSolutionNode = FALSE
	EndGlobalSection
	GlobalSection(ExtensibilityGlobals) = postSolution
		SolutionGuid = {FD3851B3-7D51-47E7-977D-30A5ECA246A8}
	EndGlobalSection
EndGlobal
